
Microsoft Visual Studio Solution File, Format Version 12.00
# Visual Studio Version 17
VisualStudioVersion = 17.3.32922.545
MinimumVisualStudioVersion = 10.0.40219.1
Project("{FAE04EC0-301F-11D3-BF4B-00C04F79EFBC}") = "UsingLinkedList", "UsingLinkedList.csproj", "{8EAA8DC8-7D9B-47F9-8891-335648684760}"
EndProject
Global
	GlobalSection(SolutionConfigurationPlatforms) = preSolution
		Debug|Any CPU = Debug|Any CPU
		Release|Any CPU = Release|Any CPU
	EndGlobalSection
	GlobalSection(ProjectConfigurationPlatforms) = postSolution
		{8EAA8DC8-7D9B-47F9-8891-335648684760}.Debug|Any CPU.ActiveCfg = Debug|Any CPU
		{8EAA8DC8-7D9B-47F9-8891-335648684760}.Debug|Any CPU.Build.0 = Debug|Any CPU
		{8EAA8DC8-7D9B-47F9-8891-335648684760}.Release|Any CPU.ActiveCfg = Release|Any CPU
		{8EAA8DC8-7D9B-47F9-8891-335648684760}.Release|Any CPU.Build.0 = Release|Any CPU
	EndGlobalSection
	GlobalSection(SolutionProperties) = preSolution
		HideSolutionNode = FALSE
	EndGlobalSection
	GlobalSection(ExtensibilityGlobals) = postSolution
		SolutionGuid = {6A3B6581-F086-4684-865D-2E89E6F6756A}
	EndGlobalSection
EndGlobal
